# Code generated by scarb DO NOT EDIT.
version = 1

[[package]]
name = "dojo"
version = "1.7.2"
source = "registry+https://scarbs.xyz/"
checksum = "sha256:e7c7f3c7e7ca89491aadabea9ed97cad5ff8a001ec7621afa1cadd257d2f7283"
dependencies = [
 "dojo_cairo_macros",
]

[[package]]
name = "dojo_cairo_macros"
version = "1.7.1"
source = "registry+https://scarbs.xyz/"
checksum = "sha256:18059a9ac9ec2c0c708baad382728a99970b621b1eaab780fd9a8ec2dc975c98"

[[package]]
name = "dojo_cairo_test"
version = "1.7.2"
source = "registry+https://scarbs.xyz/"
checksum = "sha256:07468e70a3ead06a352b3cc2fb52a88447b921cdc26474290950f3f95ce4f295"
dependencies = [
 "dojo",
]

[[package]]
name = "pixelaw"
version = "0.7.9"
dependencies = [
 "dojo",
 "dojo_cairo_test",
 "pixelaw_test_utils",
]

[[package]]
name = "pixelaw_test_utils"
version = "0.7.9"
dependencies = [
 "dojo",
 "dojo_cairo_test",
 "pixelaw",
]
