# Code generated by scarb DO NOT EDIT.
version = 1

[[package]]
name = "dojo"
version = "1.0.4"
source = "git+https://github.com/dojoengine/dojo?tag=v1.0.4#e9f286c14f5952604bec915719c14b7f2d7b4233"
dependencies = [
 "dojo_plugin",
]

[[package]]
name = "dojo_cairo_test"
version = "1.0.0-rc.0"
source = "git+https://github.com/dojoengine/dojo?tag=v1.0.4#e9f286c14f5952604bec915719c14b7f2d7b4233"
dependencies = [
 "dojo",
]

[[package]]
name = "dojo_plugin"
version = "2.8.4"
source = "git+https://github.com/dojoengine/dojo?tag=v1.0.4#e9f286c14f5952604bec915719c14b7f2d7b4233"

[[package]]
name = "pixelaw"
version = "0.5.13"
dependencies = [
 "dojo",
 "dojo_cairo_test",
 "pixelaw_test_helpers",
]

[[package]]
name = "pixelaw_test_helpers"
version = "0.5.13"
dependencies = [
 "dojo",
 "dojo_cairo_test",
]
