# Code generated by scarb DO NOT EDIT.
version = 1

[[package]]
name = "dojo"
version = "1.1.2"
source = "git+https://github.com/dojoengine/dojo?tag=v1.1.2#4f3373ed4f98e1778022ed6f6502ce89f9d29b58"
dependencies = [
 "dojo_plugin",
]

[[package]]
name = "dojo_cairo_test"
version = "1.0.12"
source = "git+https://github.com/dojoengine/dojo?tag=v1.1.2#4f3373ed4f98e1778022ed6f6502ce89f9d29b58"
dependencies = [
 "dojo",
]

[[package]]
name = "dojo_plugin"
version = "2.9.2"
source = "git+https://github.com/dojoengine/dojo?tag=v1.1.2#4f3373ed4f98e1778022ed6f6502ce89f9d29b58"

[[package]]
name = "pixelaw"
version = "0.5.23"
dependencies = [
 "dojo",
 "dojo_cairo_test",
 "pixelaw_test_helpers",
]

[[package]]
name = "pixelaw_test_helpers"
version = "0.5.23"
dependencies = [
 "dojo",
 "dojo_cairo_test",
]
