# Code generated by scarb DO NOT EDIT.
version = 1

[[package]]
name = "dojo"
version = "1.5.1"
source = "git+https://github.com/dojoengine/dojo?tag=v1.5.1#986c3b0c6d647b23847c70ddceb1d33ddac86ead"
dependencies = [
 "dojo_plugin",
]

[[package]]
name = "dojo_cairo_test"
version = "1.0.12"
source = "git+https://github.com/dojoengine/dojo?tag=v1.5.1#986c3b0c6d647b23847c70ddceb1d33ddac86ead"
dependencies = [
 "dojo",
]

[[package]]
name = "dojo_plugin"
version = "2.10.1"
source = "git+https://github.com/dojoengine/dojo?tag=v1.5.1#986c3b0c6d647b23847c70ddceb1d33ddac86ead"

[[package]]
name = "pixelaw"
version = "0.7.7"
dependencies = [
 "dojo",
]

[[package]]
name = "pixelaw_testing"
version = "0.7.7"
dependencies = [
 "dojo",
 "dojo_cairo_test",
 "pixelaw",
]
